
Microsoft Visual Studio Solution File, Format Version 12.00
# Visual Studio Version 17
VisualStudioVersion = 17.1.32328.378
MinimumVisualStudioVersion = 10.0.40219.1
Project("{9A19103F-16F7-4668-BE54-9A1E7A4F7556}") = "LogReader", "LogReader\LogReader.csproj", "{327C4A0B-1A77-4A3A-B27F-C7707286B22F}"
EndProject
Global
	GlobalSection(SolutionConfigurationPlatforms) = preSolution
		Debug|Any CPU = Debug|Any CPU
		Release|Any CPU = Release|Any CPU
	EndGlobalSection
	GlobalSection(ProjectConfigurationPlatforms) = postSolution
		{327C4A0B-1A77-4A3A-B27F-C7707286B22F}.Debug|Any CPU.ActiveCfg = Debug|Any CPU
		{327C4A0B-1A77-4A3A-B27F-C7707286B22F}.Debug|Any CPU.Build.0 = Debug|Any CPU
		{327C4A0B-1A77-4A3A-B27F-C7707286B22F}.Release|Any CPU.ActiveCfg = Release|Any CPU
		{327C4A0B-1A77-4A3A-B27F-C7707286B22F}.Release|Any CPU.Build.0 = Release|Any CPU
	EndGlobalSection
	GlobalSection(SolutionProperties) = preSolution
		HideSolutionNode = FALSE
	EndGlobalSection
	GlobalSection(ExtensibilityGlobals) = postSolution
		SolutionGuid = {B3593CE1-D82B-4DB7-ABC7-0E48593E89EE}
	EndGlobalSection
EndGlobal
